// !$*UTF8*$!
{
	archiveVersion = 1;
	classes = {
	};
	objectVersion = 46;
	objects = {

/* Begin PBXBuildFile section */
		CD0DECBC1BE869080068E77E /* AppDelegate.swift in Sources */ = {isa = PBXBuildFile; fileRef = CD0DECBB1BE869080068E77E /* AppDelegate.swift */; };
		CD0DECBE1BE869080068E77E /* ViewController.swift in Sources */ = {isa = PBXBuildFile; fileRef = CD0DECBD1BE869080068E77E /* ViewController.swift */; };
		CD0DECC11BE869080068E77E /* Main.storyboard in Resources */ = {isa = PBXBuildFile; fileRef = CD0DECBF1BE869080068E77E /* Main.storyboard */; };
		CD0DECC31BE869080068E77E /* Assets.xcassets in Resources */ = {isa = PBXBuildFile; fileRef = CD0DECC21BE869080068E77E /* Assets.xcassets */; };
		CD0DECC61BE869080068E77E /* LaunchScreen.storyboard in Resources */ = {isa = PBXBuildFile; fileRef = CD0DECC41BE869080068E77E /* LaunchScreen.storyboard */; };
		CD0DECD11BE869080068E77E /* hatsuon_sangokushiTests.swift in Sources */ = {isa = PBXBuildFile; fileRef = CD0DECD01BE869080068E77E /* hatsuon_sangokushiTests.swift */; };
		CD0DECDC1BE869080068E77E /* hatsuon_sangokushiUITests.swift in Sources */ = {isa = PBXBuildFile; fileRef = CD0DECDB1BE869080068E77E /* hatsuon_sangokushiUITests.swift */; };
		CD0DECEA1BE869CC0068E77E /* QuizViewController.swift in Sources */ = {isa = PBXBuildFile; fileRef = CD0DECE91BE869CC0068E77E /* QuizViewController.swift */; };
		CD0DECEC1BE869E30068E77E /* ResultViewController.swift in Sources */ = {isa = PBXBuildFile; fileRef = CD0DECEB1BE869E30068E77E /* ResultViewController.swift */; };
		CD0DED371BE86B4F0068E77E /* iseki.mp3 in Resources */ = {isa = PBXBuildFile; fileRef = CD0DED291BE86B4F0068E77E /* iseki.mp3 */; };
		CD0DED381BE86B4F0068E77E /* kakouen.mp3 in Resources */ = {isa = PBXBuildFile; fileRef = CD0DED2A1BE86B4F0068E77E /* kakouen.mp3 */; };
		CD0DED391BE86B4F0068E77E /* kakousyou.mp3 in Resources */ = {isa = PBXBuildFile; fileRef = CD0DED2B1BE86B4F0068E77E /* kakousyou.mp3 */; };
		CD0DED3A1BE86B4F0068E77E /* kakoutoku.mp3 in Resources */ = {isa = PBXBuildFile; fileRef = CD0DED2C1BE86B4F0068E77E /* kakoutoku.mp3 */; };
		CD0DED3B1BE86B4F0068E77E /* kakouton.mp3 in Resources */ = {isa = PBXBuildFile; fileRef = CD0DED2D1BE86B4F0068E77E /* kakouton.mp3 */; };
		CD0DED3C1BE86B4F0068E77E /* kouchu.mp3 in Resources */ = {isa = PBXBuildFile; fileRef = CD0DED2E1BE86B4F0068E77E /* kouchu.mp3 */; };
		CD0DED3D1BE86B4F0068E77E /* kougai.mp3 in Resources */ = {isa = PBXBuildFile; fileRef = CD0DED2F1BE86B4F0068E77E /* kougai.mp3 */; };
		CD0DED3E1BE86B4F0068E77E /* kouken.mp3 in Resources */ = {isa = PBXBuildFile; fileRef = CD0DED301BE86B4F0068E77E /* kouken.mp3 */; };
		CD0DED3F1BE86B4F0068E77E /* kouso.mp3 in Resources */ = {isa = PBXBuildFile; fileRef = CD0DED311BE86B4F0068E77E /* kouso.mp3 */; };
		CD0DED401BE86B4F0068E77E /* ouhei.mp3 in Resources */ = {isa = PBXBuildFile; fileRef = CD0DED321BE86B4F0068E77E /* ouhei.mp3 */; };
		CD0DED411BE86B4F0068E77E /* ourou.mp3 in Resources */ = {isa = PBXBuildFile; fileRef = CD0DED331BE86B4F0068E77E /* ourou.mp3 */; };
		CD0DED421BE86B4F0068E77E /* ourui.mp3 in Resources */ = {isa = PBXBuildFile; fileRef = CD0DED341BE86B4F0068E77E /* ourui.mp3 */; };
		CD0DED431BE86B4F0068E77E /* ousan.mp3 in Resources */ = {isa = PBXBuildFile; fileRef = CD0DED351BE86B4F0068E77E /* ousan.mp3 */; };
		CD0DED441BE86B4F0068E77E /* ousou.mp3 in Resources */ = {isa = PBXBuildFile; fileRef = CD0DED361BE86B4F0068E77E /* ousou.mp3 */; };
		CD0DED481BE86B7A0068E77E /* Person.plist in Resources */ = {isa = PBXBuildFile; fileRef = CD0DED471BE86B7A0068E77E /* Person.plist */; };
		CD0DED4A1BE86BA70068E77E /* MDColor.swift in Sources */ = {isa = PBXBuildFile; fileRef = CD0DED491BE86BA70068E77E /* MDColor.swift */; };
		CD0DED4C1BE87F790068E77E /* Button_Custom.swift in Sources */ = {isa = PBXBuildFile; fileRef = CD0DED4B1BE87F790068E77E /* Button_Custom.swift */; };
/* End PBXBuildFile section */

/* Begin PBXContainerItemProxy section */
		CD0DECCD1BE869080068E77E /* PBXContainerItemProxy */ = {
			isa = PBXContainerItemProxy;
			containerPortal = CD0DECB01BE869080068E77E /* Project object */;
			proxyType = 1;
			remoteGlobalIDString = CD0DECB71BE869080068E77E;
			remoteInfo = hatsuon_sangokushi;
		};
		CD0DECD81BE869080068E77E /* PBXContainerItemProxy */ = {
			isa = PBXContainerItemProxy;
			containerPortal = CD0DECB01BE869080068E77E /* Project object */;
			proxyType = 1;
			remoteGlobalIDString = CD0DECB71BE869080068E77E;
			remoteInfo = hatsuon_sangokushi;
		};
/* End PBXContainerItemProxy section */

/* Begin PBXFileReference section */
		CD0DECB81BE869080068E77E /* hatsuon_sangokushi.app */ = {isa = PBXFileReference; explicitFileType = wrapper.application; includeInIndex = 0; path = hatsuon_sangokushi.app; sourceTree = BUILT_PRODUCTS_DIR; };
		CD0DECBB1BE869080068E77E /* AppDelegate.swift */ = {isa = PBXFileReference; lastKnownFileType = sourcecode.swift; path = AppDelegate.swift; sourceTree = "<group>"; };
		CD0DECBD1BE869080068E77E /* ViewController.swift */ = {isa = PBXFileReference; lastKnownFileType = sourcecode.swift; path = ViewController.swift; sourceTree = "<group>"; };
		CD0DECC01BE869080068E77E /* Base */ = {isa = PBXFileReference; lastKnownFileType = file.storyboard; name = Base; path = Base.lproj/Main.storyboard; sourceTree = "<group>"; };
		CD0DECC21BE869080068E77E /* Assets.xcassets */ = {isa = PBXFileReference; lastKnownFileType = folder.assetcatalog; path = Assets.xcassets; sourceTree = "<group>"; };
		CD0DECC51BE869080068E77E /* Base */ = {isa = PBXFileReference; lastKnownFileType = file.storyboard; name = Base; path = Base.lproj/LaunchScreen.storyboard; sourceTree = "<group>"; };
		CD0DECC71BE869080068E77E /* Info.plist */ = {isa = PBXFileReference; lastKnownFileType = text.plist.xml; path = Info.plist; sourceTree = "<group>"; };
		CD0DECCC1BE869080068E77E /* hatsuon_sangokushiTests.xctest */ = {isa = PBXFileReference; explicitFileType = wrapper.cfbundle; includeInIndex = 0; path = hatsuon_sangokushiTests.xctest; sourceTree = BUILT_PRODUCTS_DIR; };
		CD0DECD01BE869080068E77E /* hatsuon_sangokushiTests.swift */ = {isa = PBXFileReference; lastKnownFileType = sourcecode.swift; path = hatsuon_sangokushiTests.swift; sourceTree = "<group>"; };
		CD0DECD21BE869080068E77E /* Info.plist */ = {isa = PBXFileReference; lastKnownFileType = text.plist.xml; path = Info.plist; sourceTree = "<group>"; };
		CD0DECD71BE869080068E77E /* hatsuon_sangokushiUITests.xctest */ = {isa = PBXFileReference; explicitFileType = wrapper.cfbundle; includeInIndex = 0; path = hatsuon_sangokushiUITests.xctest; sourceTree = BUILT_PRODUCTS_DIR; };
		CD0DECDB1BE869080068E77E /* hatsuon_sangokushiUITests.swift */ = {isa = PBXFileReference; lastKnownFileType = sourcecode.swift; path = hatsuon_sangokushiUITests.swift; sourceTree = "<group>"; };
		CD0DECDD1BE869080068E77E /* Info.plist */ = {isa = PBXFileReference; lastKnownFileType = text.plist.xml; path = Info.plist; sourceTree = "<group>"; };
		CD0DECE91BE869CC0068E77E /* QuizViewController.swift */ = {isa = PBXFileReference; fileEncoding = 4; lastKnownFileType = sourcecode.swift; path = QuizViewController.swift; sourceTree = "<group>"; };
		CD0DECEB1BE869E30068E77E /* ResultViewController.swift */ = {isa = PBXFileReference; fileEncoding = 4; lastKnownFileType = sourcecode.swift; path = ResultViewController.swift; sourceTree = "<group>"; };
		CD0DED291BE86B4F0068E77E /* iseki.mp3 */ = {isa = PBXFileReference; lastKnownFileType = audio.mp3; path = iseki.mp3; sourceTree = "<group>"; };
		CD0DED2A1BE86B4F0068E77E /* kakouen.mp3 */ = {isa = PBXFileReference; lastKnownFileType = audio.mp3; path = kakouen.mp3; sourceTree = "<group>"; };
		CD0DED2B1BE86B4F0068E77E /* kakousyou.mp3 */ = {isa = PBXFileReference; lastKnownFileType = audio.mp3; path = kakousyou.mp3; sourceTree = "<group>"; };
		CD0DED2C1BE86B4F0068E77E /* kakoutoku.mp3 */ = {isa = PBXFileReference; lastKnownFileType = audio.mp3; path = kakoutoku.mp3; sourceTree = "<group>"; };
		CD0DED2D1BE86B4F0068E77E /* kakouton.mp3 */ = {isa = PBXFileReference; lastKnownFileType = audio.mp3; path = kakouton.mp3; sourceTree = "<group>"; };
		CD0DED2E1BE86B4F0068E77E /* kouchu.mp3 */ = {isa = PBXFileReference; lastKnownFileType = audio.mp3; path = kouchu.mp3; sourceTree = "<group>"; };
		CD0DED2F1BE86B4F0068E77E /* kougai.mp3 */ = {isa = PBXFileReference; lastKnownFileType = audio.mp3; path = kougai.mp3; sourceTree = "<group>"; };
		CD0DED301BE86B4F0068E77E /* kouken.mp3 */ = {isa = PBXFileReference; lastKnownFileType = audio.mp3; path = kouken.mp3; sourceTree = "<group>"; };
		CD0DED311BE86B4F0068E77E /* kouso.mp3 */ = {isa = PBXFileReference; lastKnownFileType = audio.mp3; path = kouso.mp3; sourceTree = "<group>"; };
		CD0DED321BE86B4F0068E77E /* ouhei.mp3 */ = {isa = PBXFileReference; lastKnownFileType = audio.mp3; path = ouhei.mp3; sourceTree = "<group>"; };
		CD0DED331BE86B4F0068E77E /* ourou.mp3 */ = {isa = PBXFileReference; lastKnownFileType = audio.mp3; path = ourou.mp3; sourceTree = "<group>"; };
		CD0DED341BE86B4F0068E77E /* ourui.mp3 */ = {isa = PBXFileReference; lastKnownFileType = audio.mp3; path = ourui.mp3; sourceTree = "<group>"; };
		CD0DED351BE86B4F0068E77E /* ousan.mp3 */ = {isa = PBXFileReference; lastKnownFileType = audio.mp3; path = ousan.mp3; sourceTree = "<group>"; };
		CD0DED361BE86B4F0068E77E /* ousou.mp3 */ = {isa = PBXFileReference; lastKnownFileType = audio.mp3; path = ousou.mp3; sourceTree = "<group>"; };
		CD0DED471BE86B7A0068E77E /* Person.plist */ = {isa = PBXFileReference; fileEncoding = 4; lastKnownFileType = text.plist.xml; path = Person.plist; sourceTree = "<group>"; };
		CD0DED491BE86BA70068E77E /* MDColor.swift */ = {isa = PBXFileReference; fileEncoding = 4; lastKnownFileType = sourcecode.swift; path = MDColor.swift; sourceTree = "<group>"; };
		CD0DED4B1BE87F790068E77E /* Button_Custom.swift */ = {isa = PBXFileReference; fileEncoding = 4; lastKnownFileType = sourcecode.swift; path = Button_Custom.swift; sourceTree = "<group>"; };
/* End PBXFileReference section */

/* Begin PBXFrameworksBuildPhase section */
		CD0DECB51BE869080068E77E /* Frameworks */ = {
			isa = PBXFrameworksBuildPhase;
			buildActionMask = 2147483647;
			files = (
			);
			runOnlyForDeploymentPostprocessing = 0;
		};
		CD0DECC91BE869080068E77E /* Frameworks */ = {
			isa = PBXFrameworksBuildPhase;
			buildActionMask = 2147483647;
			files = (
			);
			runOnlyForDeploymentPostprocessing = 0;
		};
		CD0DECD41BE869080068E77E /* Frameworks */ = {
			isa = PBXFrameworksBuildPhase;
			buildActionMask = 2147483647;
			files = (
			);
			runOnlyForDeploymentPostprocessing = 0;
		};
/* End PBXFrameworksBuildPhase section */

/* Begin PBXGroup section */
		CD0DECAF1BE869080068E77E = {
			isa = PBXGroup;
			children = (
				CD0DECBA1BE869080068E77E /* hatsuon_sangokushi */,
				CD0DECCF1BE869080068E77E /* hatsuon_sangokushiTests */,
				CD0DECDA1BE869080068E77E /* hatsuon_sangokushiUITests */,
				CD0DECB91BE869080068E77E /* Products */,
			);
			sourceTree = "<group>";
		};
		CD0DECB91BE869080068E77E /* Products */ = {
			isa = PBXGroup;
			children = (
				CD0DECB81BE869080068E77E /* hatsuon_sangokushi.app */,
				CD0DECCC1BE869080068E77E /* hatsuon_sangokushiTests.xctest */,
				CD0DECD71BE869080068E77E /* hatsuon_sangokushiUITests.xctest */,
			);
			name = Products;
			sourceTree = "<group>";
		};
		CD0DECBA1BE869080068E77E /* hatsuon_sangokushi */ = {
			isa = PBXGroup;
			children = (
				CD0DED491BE86BA70068E77E /* MDColor.swift */,
				CD0DED471BE86B7A0068E77E /* Person.plist */,
				CD0DED281BE86B110068E77E /* mp3 */,
				CD0DECBB1BE869080068E77E /* AppDelegate.swift */,
				CD0DECBD1BE869080068E77E /* ViewController.swift */,
				CD0DECBF1BE869080068E77E /* Main.storyboard */,
				CD0DED4B1BE87F790068E77E /* Button_Custom.swift */,
				CD0DECE91BE869CC0068E77E /* QuizViewController.swift */,
				CD0DECEB1BE869E30068E77E /* ResultViewController.swift */,
				CD0DECC21BE869080068E77E /* Assets.xcassets */,
				CD0DECC41BE869080068E77E /* LaunchScreen.storyboard */,
				CD0DECC71BE869080068E77E /* Info.plist */,
			);
			path = hatsuon_sangokushi;
			sourceTree = "<group>";
		};
		CD0DECCF1BE869080068E77E /* hatsuon_sangokushiTests */ = {
			isa = PBXGroup;
			children = (
				CD0DECD01BE869080068E77E /* hatsuon_sangokushiTests.swift */,
				CD0DECD21BE869080068E77E /* Info.plist */,
			);
			path = hatsuon_sangokushiTests;
			sourceTree = "<group>";
		};
		CD0DECDA1BE869080068E77E /* hatsuon_sangokushiUITests */ = {
			isa = PBXGroup;
			children = (
				CD0DECDB1BE869080068E77E /* hatsuon_sangokushiUITests.swift */,
				CD0DECDD1BE869080068E77E /* Info.plist */,
			);
			path = hatsuon_sangokushiUITests;
			sourceTree = "<group>";
		};
		CD0DED281BE86B110068E77E /* mp3 */ = {
			isa = PBXGroup;
			children = (
				CD0DED291BE86B4F0068E77E /* iseki.mp3 */,
				CD0DED2A1BE86B4F0068E77E /* kakouen.mp3 */,
				CD0DED2B1BE86B4F0068E77E /* kakousyou.mp3 */,
				CD0DED2C1BE86B4F0068E77E /* kakoutoku.mp3 */,
				CD0DED2D1BE86B4F0068E77E /* kakouton.mp3 */,
				CD0DED2E1BE86B4F0068E77E /* kouchu.mp3 */,
				CD0DED2F1BE86B4F0068E77E /* kougai.mp3 */,
				CD0DED301BE86B4F0068E77E /* kouken.mp3 */,
				CD0DED311BE86B4F0068E77E /* kouso.mp3 */,
				CD0DED321BE86B4F0068E77E /* ouhei.mp3 */,
				CD0DED331BE86B4F0068E77E /* ourou.mp3 */,
				CD0DED341BE86B4F0068E77E /* ourui.mp3 */,
				CD0DED351BE86B4F0068E77E /* ousan.mp3 */,
				CD0DED361BE86B4F0068E77E /* ousou.mp3 */,
			);
			name = mp3;
			sourceTree = "<group>";
		};
/* End PBXGroup section */

/* Begin PBXNativeTarget section */
		CD0DECB71BE869080068E77E /* hatsuon_sangokushi */ = {
			isa = PBXNativeTarget;
			buildConfigurationList = CD0DECE01BE869080068E77E /* Build configuration list for PBXNativeTarget "hatsuon_sangokushi" */;
			buildPhases = (
				CD0DECB41BE869080068E77E /* Sources */,
				CD0DECB51BE869080068E77E /* Frameworks */,
				CD0DECB61BE869080068E77E /* Resources */,
			);
			buildRules = (
			);
			dependencies = (
			);
			name = hatsuon_sangokushi;
			productName = hatsuon_sangokushi;
			productReference = CD0DECB81BE869080068E77E /* hatsuon_sangokushi.app */;
			productType = "com.apple.product-type.application";
		};
		CD0DECCB1BE869080068E77E /* hatsuon_sangokushiTests */ = {
			isa = PBXNativeTarget;
			buildConfigurationList = CD0DECE31BE869080068E77E /* Build configuration list for PBXNativeTarget "hatsuon_sangokushiTests" */;
			buildPhases = (
				CD0DECC81BE869080068E77E /* Sources */,
				CD0DECC91BE869080068E77E /* Frameworks */,
				CD0DECCA1BE869080068E77E /* Resources */,
			);
			buildRules = (
			);
			dependencies = (
				CD0DECCE1BE869080068E77E /* PBXTargetDependency */,
			);
			name = hatsuon_sangokushiTests;
			productName = hatsuon_sangokushiTests;
			productReference = CD0DECCC1BE869080068E77E /* hatsuon_sangokushiTests.xctest */;
			productType = "com.apple.product-type.bundle.unit-test";
		};
		CD0DECD61BE869080068E77E /* hatsuon_sangokushiUITests */ = {
			isa = PBXNativeTarget;
			buildConfigurationList = CD0DECE61BE869080068E77E /* Build configuration list for PBXNativeTarget "hatsuon_sangokushiUITests" */;
			buildPhases = (
				CD0DECD31BE869080068E77E /* Sources */,
				CD0DECD41BE869080068E77E /* Frameworks */,
				CD0DECD51BE869080068E77E /* Resources */,
			);
			buildRules = (
			);
			dependencies = (
				CD0DECD91BE869080068E77E /* PBXTargetDependency */,
			);
			name = hatsuon_sangokushiUITests;
			productName = hatsuon_sangokushiUITests;
			productReference = CD0DECD71BE869080068E77E /* hatsuon_sangokushiUITests.xctest */;
			productType = "com.apple.product-type.bundle.ui-testing";
		};
/* End PBXNativeTarget section */

/* Begin PBXProject section */
		CD0DECB01BE869080068E77E /* Project object */ = {
			isa = PBXProject;
			attributes = {
				LastSwiftUpdateCheck = 0710;
				LastUpgradeCheck = 0710;
				ORGANIZATIONNAME = tyoko;
				TargetAttributes = {
					CD0DECB71BE869080068E77E = {
						CreatedOnToolsVersion = 7.1;
					};
					CD0DECCB1BE869080068E77E = {
						CreatedOnToolsVersion = 7.1;
						TestTargetID = CD0DECB71BE869080068E77E;
					};
					CD0DECD61BE869080068E77E = {
						CreatedOnToolsVersion = 7.1;
						TestTargetID = CD0DECB71BE869080068E77E;
					};
				};
			};
			buildConfigurationList = CD0DECB31BE869080068E77E /* Build configuration list for PBXProject "hatsuon_sangokushi" */;
			compatibilityVersion = "Xcode 3.2";
			developmentRegion = English;
			hasScannedForEncodings = 0;
			knownRegions = (
				en,
				Base,
			);
			mainGroup = CD0DECAF1BE869080068E77E;
			productRefGroup = CD0DECB91BE869080068E77E /* Products */;
			projectDirPath = "";
			projectRoot = "";
			targets = (
				CD0DECB71BE869080068E77E /* hatsuon_sangokushi */,
				CD0DECCB1BE869080068E77E /* hatsuon_sangokushiTests */,
				CD0DECD61BE869080068E77E /* hatsuon_sangokushiUITests */,
			);
		};
/* End PBXProject section */

/* Begin PBXResourcesBuildPhase section */
		CD0DECB61BE869080068E77E /* Resources */ = {
			isa = PBXResourcesBuildPhase;
			buildActionMask = 2147483647;
			files = (
				CD0DED3E1BE86B4F0068E77E /* kouken.mp3 in Resources */,
				CD0DED391BE86B4F0068E77E /* kakousyou.mp3 in Resources */,
				CD0DED371BE86B4F0068E77E /* iseki.mp3 in Resources */,
				CD0DED3D1BE86B4F0068E77E /* kougai.mp3 in Resources */,
				CD0DED3F1BE86B4F0068E77E /* kouso.mp3 in Resources */,
				CD0DED481BE86B7A0068E77E /* Person.plist in Resources */,
				CD0DED381BE86B4F0068E77E /* kakouen.mp3 in Resources */,
				CD0DECC61BE869080068E77E /* LaunchScreen.storyboard in Resources */,
				CD0DED421BE86B4F0068E77E /* ourui.mp3 in Resources */,
				CD0DECC31BE869080068E77E /* Assets.xcassets in Resources */,
				CD0DED401BE86B4F0068E77E /* ouhei.mp3 in Resources */,
				CD0DED411BE86B4F0068E77E /* ourou.mp3 in Resources */,
				CD0DED3A1BE86B4F0068E77E /* kakoutoku.mp3 in Resources */,
				CD0DED441BE86B4F0068E77E /* ousou.mp3 in Resources */,
				CD0DED3B1BE86B4F0068E77E /* kakouton.mp3 in Resources */,
				CD0DED431BE86B4F0068E77E /* ousan.mp3 in Resources */,
				CD0DECC11BE869080068E77E /* Main.storyboard in Resources */,
				CD0DED3C1BE86B4F0068E77E /* kouchu.mp3 in Resources */,
			);
			runOnlyForDeploymentPostprocessing = 0;
		};
		CD0DECCA1BE869080068E77E /* Resources */ = {
			isa = PBXResourcesBuildPhase;
			buildActionMask = 2147483647;
			files = (
			);
			runOnlyForDeploymentPostprocessing = 0;
		};
		CD0DECD51BE869080068E77E /* Resources */ = {
			isa = PBXResourcesBuildPhase;
			buildActionMask = 2147483647;
			files = (
			);
			runOnlyForDeploymentPostprocessing = 0;
		};
/* End PBXResourcesBuildPhase section */

/* Begin PBXSourcesBuildPhase section */
		CD0DECB41BE869080068E77E /* Sources */ = {
			isa = PBXSourcesBuildPhase;
			buildActionMask = 2147483647;
			files = (
				CD0DED4C1BE87F790068E77E /* Button_Custom.swift in Sources */,
				CD0DECEA1BE869CC0068E77E /* QuizViewController.swift in Sources */,
				CD0DED4A1BE86BA70068E77E /* MDColor.swift in Sources */,
				CD0DECBE1BE869080068E77E /* ViewController.swift in Sources */,
				CD0DECBC1BE869080068E77E /* AppDelegate.swift in Sources */,
				CD0DECEC1BE869E30068E77E /* ResultViewController.swift in Sources */,
			);
			runOnlyForDeploymentPostprocessing = 0;
		};
		CD0DECC81BE869080068E77E /* Sources */ = {
			isa = PBXSourcesBuildPhase;
			buildActionMask = 2147483647;
			files = (
				CD0DECD11BE869080068E77E /* hatsuon_sangokushiTests.swift in Sources */,
			);
			runOnlyForDeploymentPostprocessing = 0;
		};
		CD0DECD31BE869080068E77E /* Sources */ = {
			isa = PBXSourcesBuildPhase;
			buildActionMask = 2147483647;
			files = (
				CD0DECDC1BE869080068E77E /* hatsuon_sangokushiUITests.swift in Sources */,
			);
			runOnlyForDeploymentPostprocessing = 0;
		};
/* End PBXSourcesBuildPhase section */

/* Begin PBXTargetDependency section */
		CD0DECCE1BE869080068E77E /* PBXTargetDependency */ = {
			isa = PBXTargetDependency;
			target = CD0DECB71BE869080068E77E /* hatsuon_sangokushi */;
			targetProxy = CD0DECCD1BE869080068E77E /* PBXContainerItemProxy */;
		};
		CD0DECD91BE869080068E77E /* PBXTargetDependency */ = {
			isa = PBXTargetDependency;
			target = CD0DECB71BE869080068E77E /* hatsuon_sangokushi */;
			targetProxy = CD0DECD81BE869080068E77E /* PBXContainerItemProxy */;
		};
/* End PBXTargetDependency section */

/* Begin PBXVariantGroup section */
		CD0DECBF1BE869080068E77E /* Main.storyboard */ = {
			isa = PBXVariantGroup;
			children = (
				CD0DECC01BE869080068E77E /* Base */,
			);
			name = Main.storyboard;
			sourceTree = "<group>";
		};
		CD0DECC41BE869080068E77E /* LaunchScreen.storyboard */ = {
			isa = PBXVariantGroup;
			children = (
				CD0DECC51BE869080068E77E /* Base */,
			);
			name = LaunchScreen.storyboard;
			sourceTree = "<group>";
		};
/* End PBXVariantGroup section */

/* Begin XCBuildConfiguration section */
		CD0DECDE1BE869080068E77E /* Debug */ = {
			isa = XCBuildConfiguration;
			buildSettings = {
				ALWAYS_SEARCH_USER_PATHS = NO;
				CLANG_CXX_LANGUAGE_STANDARD = "gnu++0x";
				CLANG_CXX_LIBRARY = "libc++";
				CLANG_ENABLE_MODULES = YES;
				CLANG_ENABLE_OBJC_ARC = YES;
				CLANG_WARN_BOOL_CONVERSION = YES;
				CLANG_WARN_CONSTANT_CONVERSION = YES;
				CLANG_WARN_DIRECT_OBJC_ISA_USAGE = YES_ERROR;
				CLANG_WARN_EMPTY_BODY = YES;
				CLANG_WARN_ENUM_CONVERSION = YES;
				CLANG_WARN_INT_CONVERSION = YES;
				CLANG_WARN_OBJC_ROOT_CLASS = YES_ERROR;
				CLANG_WARN_UNREACHABLE_CODE = YES;
				CLANG_WARN__DUPLICATE_METHOD_MATCH = YES;
				"CODE_SIGN_IDENTITY[sdk=iphoneos*]" = "iPhone Developer";
				COPY_PHASE_STRIP = NO;
				DEBUG_INFORMATION_FORMAT = dwarf;
				ENABLE_STRICT_OBJC_MSGSEND = YES;
				ENABLE_TESTABILITY = YES;
				GCC_C_LANGUAGE_STANDARD = gnu99;
				GCC_DYNAMIC_NO_PIC = NO;
				GCC_NO_COMMON_BLOCKS = YES;
				GCC_OPTIMIZATION_LEVEL = 0;
				GCC_PREPROCESSOR_DEFINITIONS = (
					"DEBUG=1",
					"$(inherited)",
				);
				GCC_WARN_64_TO_32_BIT_CONVERSION = YES;
				GCC_WARN_ABOUT_RETURN_TYPE = YES_ERROR;
				GCC_WARN_UNDECLARED_SELECTOR = YES;
				GCC_WARN_UNINITIALIZED_AUTOS = YES_AGGRESSIVE;
				GCC_WARN_UNUSED_FUNCTION = YES;
				GCC_WARN_UNUSED_VARIABLE = YES;
				IPHONEOS_DEPLOYMENT_TARGET = 9.1;
				MTL_ENABLE_DEBUG_INFO = YES;
				ONLY_ACTIVE_ARCH = YES;
				SDKROOT = iphoneos;
				SWIFT_OPTIMIZATION_LEVEL = "-Onone";
			};
			name = Debug;
		};
		CD0DECDF1BE869080068E77E /* Release */ = {
			isa = XCBuildConfiguration;
			buildSettings = {
				ALWAYS_SEARCH_USER_PATHS = NO;
				CLANG_CXX_LANGUAGE_STANDARD = "gnu++0x";
				CLANG_CXX_LIBRARY = "libc++";
				CLANG_ENABLE_MODULES = YES;
				CLANG_ENABLE_OBJC_ARC = YES;
				CLANG_WARN_BOOL_CONVERSION = YES;
				CLANG_WARN_CONSTANT_CONVERSION = YES;
				CLANG_WARN_DIRECT_OBJC_ISA_USAGE = YES_ERROR;
				CLANG_WARN_EMPTY_BODY = YES;
				CLANG_WARN_ENUM_CONVERSION = YES;
				CLANG_WARN_INT_CONVERSION = YES;
				CLANG_WARN_OBJC_ROOT_CLASS = YES_ERROR;
				CLANG_WARN_UNREACHABLE_CODE = YES;
				CLANG_WARN__DUPLICATE_METHOD_MATCH = YES;
				"CODE_SIGN_IDENTITY[sdk=iphoneos*]" = "iPhone Developer";
				COPY_PHASE_STRIP = NO;
				DEBUG_INFORMATION_FORMAT = "dwarf-with-dsym";
				ENABLE_NS_ASSERTIONS = NO;
				ENABLE_STRICT_OBJC_MSGSEND = YES;
				GCC_C_LANGUAGE_STANDARD = gnu99;
				GCC_NO_COMMON_BLOCKS = YES;
				GCC_WARN_64_TO_32_BIT_CONVERSION = YES;
				GCC_WARN_ABOUT_RETURN_TYPE = YES_ERROR;
				GCC_WARN_UNDECLARED_SELECTOR = YES;
				GCC_WARN_UNINITIALIZED_AUTOS = YES_AGGRESSIVE;
				GCC_WARN_UNUSED_FUNCTION = YES;
				GCC_WARN_UNUSED_VARIABLE = YES;
				IPHONEOS_DEPLOYMENT_TARGET = 9.1;
				MTL_ENABLE_DEBUG_INFO = NO;
				SDKROOT = iphoneos;
				VALIDATE_PRODUCT = YES;
			};
			name = Release;
		};
		CD0DECE11BE869080068E77E /* Debug */ = {
			isa = XCBuildConfiguration;
			buildSettings = {
				ASSETCATALOG_COMPILER_APPICON_NAME = AppIcon;
				INFOPLIST_FILE = hatsuon_sangokushi/Info.plist;
				LD_RUNPATH_SEARCH_PATHS = "$(inherited) @executable_path/Frameworks";
				PRODUCT_BUNDLE_IDENTIFIER = "yoko.hatsuon-sangokushi";
				PRODUCT_NAME = "$(TARGET_NAME)";
			};
			name = Debug;
		};
		CD0DECE21BE869080068E77E /* Release */ = {
			isa = XCBuildConfiguration;
			buildSettings = {
				ASSETCATALOG_COMPILER_APPICON_NAME = AppIcon;
				INFOPLIST_FILE = hatsuon_sangokushi/Info.plist;
				LD_RUNPATH_SEARCH_PATHS = "$(inherited) @executable_path/Frameworks";
				PRODUCT_BUNDLE_IDENTIFIER = "yoko.hatsuon-sangokushi";
				PRODUCT_NAME = "$(TARGET_NAME)";
			};
			name = Release;
		};
		CD0DECE41BE869080068E77E /* Debug */ = {
			isa = XCBuildConfiguration;
			buildSettings = {
				BUNDLE_LOADER = "$(TEST_HOST)";
				INFOPLIST_FILE = hatsuon_sangokushiTests/Info.plist;
				LD_RUNPATH_SEARCH_PATHS = "$(inherited) @executable_path/Frameworks @loader_path/Frameworks";
				PRODUCT_BUNDLE_IDENTIFIER = "yoko.hatsuon-sangokushiTests";
				PRODUCT_NAME = "$(TARGET_NAME)";
				TEST_HOST = "$(BUILT_PRODUCTS_DIR)/hatsuon_sangokushi.app/hatsuon_sangokushi";
			};
			name = Debug;
		};
		CD0DECE51BE869080068E77E /* Release */ = {
			isa = XCBuildConfiguration;
			buildSettings = {
				BUNDLE_LOADER = "$(TEST_HOST)";
				INFOPLIST_FILE = hatsuon_sangokushiTests/Info.plist;
				LD_RUNPATH_SEARCH_PATHS = "$(inherited) @executable_path/Frameworks @loader_path/Frameworks";
				PRODUCT_BUNDLE_IDENTIFIER = "yoko.hatsuon-sangokushiTests";
				PRODUCT_NAME = "$(TARGET_NAME)";
				TEST_HOST = "$(BUILT_PRODUCTS_DIR)/hatsuon_sangokushi.app/hatsuon_sangokushi";
			};
			name = Release;
		};
		CD0DECE71BE869080068E77E /* Debug */ = {
			isa = XCBuildConfiguration;
			buildSettings = {
				INFOPLIST_FILE = hatsuon_sangokushiUITests/Info.plist;
				LD_RUNPATH_SEARCH_PATHS = "$(inherited) @executable_path/Frameworks @loader_path/Frameworks";
				PRODUCT_BUNDLE_IDENTIFIER = "yoko.hatsuon-sangokushiUITests";
				PRODUCT_NAME = "$(TARGET_NAME)";
				TEST_TARGET_NAME = hatsuon_sangokushi;
				USES_XCTRUNNER = YES;
			};
			name = Debug;
		};
		CD0DECE81BE869080068E77E /* Release */ = {
			isa = XCBuildConfiguration;
			buildSettings = {
				INFOPLIST_FILE = hatsuon_sangokushiUITests/Info.plist;
				LD_RUNPATH_SEARCH_PATHS = "$(inherited) @executable_path/Frameworks @loader_path/Frameworks";
				PRODUCT_BUNDLE_IDENTIFIER = "yoko.hatsuon-sangokushiUITests";
				PRODUCT_NAME = "$(TARGET_NAME)";
				TEST_TARGET_NAME = hatsuon_sangokushi;
				USES_XCTRUNNER = YES;
			};
			name = Release;
		};
/* End XCBuildConfiguration section */

/* Begin XCConfigurationList section */
		CD0DECB31BE869080068E77E /* Build configuration list for PBXProject "hatsuon_sangokushi" */ = {
			isa = XCConfigurationList;
			buildConfigurations = (
				CD0DECDE1BE869080068E77E /* Debug */,
				CD0DECDF1BE869080068E77E /* Release */,
			);
			defaultConfigurationIsVisible = 0;
			defaultConfigurationName = Release;
		};
		CD0DECE01BE869080068E77E /* Build configuration list for PBXNativeTarget "hatsuon_sangokushi" */ = {
			isa = XCConfigurationList;
			buildConfigurations = (
				CD0DECE11BE869080068E77E /* Debug */,
				CD0DECE21BE869080068E77E /* Release */,
			);
			defaultConfigurationIsVisible = 0;
		};
		CD0DECE31BE869080068E77E /* Build configuration list for PBXNativeTarget "hatsuon_sangokushiTests" */ = {
			isa = XCConfigurationList;
			buildConfigurations = (
				CD0DECE41BE869080068E77E /* Debug */,
				CD0DECE51BE869080068E77E /* Release */,
			);
			defaultConfigurationIsVisible = 0;
		};
		CD0DECE61BE869080068E77E /* Build configuration list for PBXNativeTarget "hatsuon_sangokushiUITests" */ = {
			isa = XCConfigurationList;
			buildConfigurations = (
				CD0DECE71BE869080068E77E /* Debug */,
				CD0DECE81BE869080068E77E /* Release */,
			);
			defaultConfigurationIsVisible = 0;
		};
/* End XCConfigurationList section */
	};
	rootObject = CD0DECB01BE869080068E77E /* Project object */;
}
